
Microsoft Visual Studio Solution File, Format Version 12.00
# Visual Studio Version 17
VisualStudioVersion = 17.2.32616.157
MinimumVisualStudioVersion = 10.0.40219.1
Project("{9A19103F-16F7-4668-BE54-9A1E7A4F7556}") = "APIGateway", "APIGateway.csproj", "{E3FD4E63-C4CB-4AE3-922C-5B3977E216C7}"
EndProject
Project("{9A19103F-16F7-4668-BE54-9A1E7A4F7556}") = "AuditChecklistModule", "..\AuditChecklistModule\AuditChecklistModule.csproj", "{FBE88785-EF4A-45B4-B398-3242F5564C0C}"
EndProject
Project("{9A19103F-16F7-4668-BE54-9A1E7A4F7556}") = "AuditBenchmarkModule", "..\AuditBenchmarkModule\AuditBenchmarkModule.csproj", "{35F8CAE8-376C-4F2E-9512-4FDC8D2F33BA}"
EndProject
Project("{9A19103F-16F7-4668-BE54-9A1E7A4F7556}") = "AuditSeverityModule", "..\AuditSeverityModule\AuditSeverityModule.csproj", "{C4B2E157-0541-4BE0-A75C-94621B73639C}"
EndProject
Project("{9A19103F-16F7-4668-BE54-9A1E7A4F7556}") = "AuthorizationService", "..\AuthorizationService-1\AuthorizationService.csproj", "{34E64488-49EF-416C-8EFD-42292C03AC5E}"
EndProject
Global
	GlobalSection(SolutionConfigurationPlatforms) = preSolution
		Debug|Any CPU = Debug|Any CPU
		Release|Any CPU = Release|Any CPU
	EndGlobalSection
	GlobalSection(ProjectConfigurationPlatforms) = postSolution
		{E3FD4E63-C4CB-4AE3-922C-5B3977E216C7}.Debug|Any CPU.ActiveCfg = Debug|Any CPU
		{E3FD4E63-C4CB-4AE3-922C-5B3977E216C7}.Debug|Any CPU.Build.0 = Debug|Any CPU
		{E3FD4E63-C4CB-4AE3-922C-5B3977E216C7}.Release|Any CPU.ActiveCfg = Release|Any CPU
		{E3FD4E63-C4CB-4AE3-922C-5B3977E216C7}.Release|Any CPU.Build.0 = Release|Any CPU
		{FBE88785-EF4A-45B4-B398-3242F5564C0C}.Debug|Any CPU.ActiveCfg = Debug|Any CPU
		{FBE88785-EF4A-45B4-B398-3242F5564C0C}.Debug|Any CPU.Build.0 = Debug|Any CPU
		{FBE88785-EF4A-45B4-B398-3242F5564C0C}.Release|Any CPU.ActiveCfg = Release|Any CPU
		{FBE88785-EF4A-45B4-B398-3242F5564C0C}.Release|Any CPU.Build.0 = Release|Any CPU
		{35F8CAE8-376C-4F2E-9512-4FDC8D2F33BA}.Debug|Any CPU.ActiveCfg = Debug|Any CPU
		{35F8CAE8-376C-4F2E-9512-4FDC8D2F33BA}.Debug|Any CPU.Build.0 = Debug|Any CPU
		{35F8CAE8-376C-4F2E-9512-4FDC8D2F33BA}.Release|Any CPU.ActiveCfg = Release|Any CPU
		{35F8CAE8-376C-4F2E-9512-4FDC8D2F33BA}.Release|Any CPU.Build.0 = Release|Any CPU
		{C4B2E157-0541-4BE0-A75C-94621B73639C}.Debug|Any CPU.ActiveCfg = Debug|Any CPU
		{C4B2E157-0541-4BE0-A75C-94621B73639C}.Debug|Any CPU.Build.0 = Debug|Any CPU
		{C4B2E157-0541-4BE0-A75C-94621B73639C}.Release|Any CPU.ActiveCfg = Release|Any CPU
		{C4B2E157-0541-4BE0-A75C-94621B73639C}.Release|Any CPU.Build.0 = Release|Any CPU
		{34E64488-49EF-416C-8EFD-42292C03AC5E}.Debug|Any CPU.ActiveCfg = Debug|Any CPU
		{34E64488-49EF-416C-8EFD-42292C03AC5E}.Debug|Any CPU.Build.0 = Debug|Any CPU
		{34E64488-49EF-416C-8EFD-42292C03AC5E}.Release|Any CPU.ActiveCfg = Release|Any CPU
		{34E64488-49EF-416C-8EFD-42292C03AC5E}.Release|Any CPU.Build.0 = Release|Any CPU
	EndGlobalSection
	GlobalSection(SolutionProperties) = preSolution
		HideSolutionNode = FALSE
	EndGlobalSection
	GlobalSection(ExtensibilityGlobals) = postSolution
		SolutionGuid = {D3CCB55D-25A6-4ED9-B6B9-FAE9765AD30E}
	EndGlobalSection
EndGlobal
