
Microsoft Visual Studio Solution File, Format Version 12.00
# Visual Studio Version 17
VisualStudioVersion = 17.2.32616.157
MinimumVisualStudioVersion = 10.0.40219.1
Project("{FAE04EC0-301F-11D3-BF4B-00C04F79EFBC}") = "AuditManagmentPortal", "AuditManagmentPortal.csproj", "{915FED9E-C002-4BC7-B0C3-EC037EBF1AC7}"
EndProject
Global
	GlobalSection(SolutionConfigurationPlatforms) = preSolution
		Debug|Any CPU = Debug|Any CPU
		Release|Any CPU = Release|Any CPU
	EndGlobalSection
	GlobalSection(ProjectConfigurationPlatforms) = postSolution
		{915FED9E-C002-4BC7-B0C3-EC037EBF1AC7}.Debug|Any CPU.ActiveCfg = Debug|Any CPU
		{915FED9E-C002-4BC7-B0C3-EC037EBF1AC7}.Debug|Any CPU.Build.0 = Debug|Any CPU
		{915FED9E-C002-4BC7-B0C3-EC037EBF1AC7}.Release|Any CPU.ActiveCfg = Release|Any CPU
		{915FED9E-C002-4BC7-B0C3-EC037EBF1AC7}.Release|Any CPU.Build.0 = Release|Any CPU
	EndGlobalSection
	GlobalSection(SolutionProperties) = preSolution
		HideSolutionNode = FALSE
	EndGlobalSection
	GlobalSection(ExtensibilityGlobals) = postSolution
		SolutionGuid = {A7966434-A45D-444F-ABA4-4E8DDA3BA55B}
	EndGlobalSection
EndGlobal
